
Microsoft Visual Studio Solution File, Format Version 12.00
# Visual Studio Version 17
VisualStudioVersion = 17.2.32519.379
MinimumVisualStudioVersion = 10.0.40219.1
Project("{FAE04EC0-301F-11D3-BF4B-00C04F79EFBC}") = "NVMQuickSwitch", "NVMQuickSwitch.csproj", "{30AE52C9-2326-48E8-8EFB-A2DDF3CFFECE}"
EndProject
Global
	GlobalSection(SolutionConfigurationPlatforms) = preSolution
		Debug|Any CPU = Debug|Any CPU
		Release|Any CPU = Release|Any CPU
	EndGlobalSection
	GlobalSection(ProjectConfigurationPlatforms) = postSolution
		{30AE52C9-2326-48E8-8EFB-A2DDF3CFFECE}.Debug|Any CPU.ActiveCfg = Debug|Any CPU
		{30AE52C9-2326-48E8-8EFB-A2DDF3CFFECE}.Debug|Any CPU.Build.0 = Debug|Any CPU
		{30AE52C9-2326-48E8-8EFB-A2DDF3CFFECE}.Release|Any CPU.ActiveCfg = Release|Any CPU
		{30AE52C9-2326-48E8-8EFB-A2DDF3CFFECE}.Release|Any CPU.Build.0 = Release|Any CPU
	EndGlobalSection
	GlobalSection(SolutionProperties) = preSolution
		HideSolutionNode = FALSE
	EndGlobalSection
	GlobalSection(ExtensibilityGlobals) = postSolution
		SolutionGuid = {2E6B4635-8772-4DC1-BCB9-BDFE67738160}
	EndGlobalSection
EndGlobal
